
Microsoft Visual Studio Solution File, Format Version 12.00
# Visual Studio Version 17
VisualStudioVersion = 17.5.2.0
MinimumVisualStudioVersion = 10.0.40219.1
Project("{FAE04EC0-301F-11D3-BF4B-00C04F79EFBC}") = "mvc_console_app", "mvc_console_app\mvc_console_app.csproj", "{F513F35C-5619-2AF5-FAF9-5F4A398E1550}"
EndProject
Project("{FAE04EC0-301F-11D3-BF4B-00C04F79EFBC}") = "mvc_console_app.test", "mvc_console_app.test\mvc_console_app.test.csproj", "{0BFCA0F8-1171-4051-A2AF-C7B6D03D206E}"
EndProject
Global
	GlobalSection(SolutionConfigurationPlatforms) = preSolution
		Debug|Any CPU = Debug|Any CPU
		Debug|x64 = Debug|x64
		Debug|x86 = Debug|x86
		Release|Any CPU = Release|Any CPU
		Release|x64 = Release|x64
		Release|x86 = Release|x86
	EndGlobalSection
	GlobalSection(ProjectConfigurationPlatforms) = postSolution
		{F513F35C-5619-2AF5-FAF9-5F4A398E1550}.Debug|Any CPU.ActiveCfg = Debug|Any CPU
		{F513F35C-5619-2AF5-FAF9-5F4A398E1550}.Debug|Any CPU.Build.0 = Debug|Any CPU
		{F513F35C-5619-2AF5-FAF9-5F4A398E1550}.Debug|x64.ActiveCfg = Debug|Any CPU
		{F513F35C-5619-2AF5-FAF9-5F4A398E1550}.Debug|x64.Build.0 = Debug|Any CPU
		{F513F35C-5619-2AF5-FAF9-5F4A398E1550}.Debug|x86.ActiveCfg = Debug|Any CPU
		{F513F35C-5619-2AF5-FAF9-5F4A398E1550}.Debug|x86.Build.0 = Debug|Any CPU
		{F513F35C-5619-2AF5-FAF9-5F4A398E1550}.Release|Any CPU.ActiveCfg = Release|Any CPU
		{F513F35C-5619-2AF5-FAF9-5F4A398E1550}.Release|Any CPU.Build.0 = Release|Any CPU
		{F513F35C-5619-2AF5-FAF9-5F4A398E1550}.Release|x64.ActiveCfg = Release|Any CPU
		{F513F35C-5619-2AF5-FAF9-5F4A398E1550}.Release|x64.Build.0 = Release|Any CPU
		{F513F35C-5619-2AF5-FAF9-5F4A398E1550}.Release|x86.ActiveCfg = Release|Any CPU
		{F513F35C-5619-2AF5-FAF9-5F4A398E1550}.Release|x86.Build.0 = Release|Any CPU
		{0BFCA0F8-1171-4051-A2AF-C7B6D03D206E}.Debug|Any CPU.ActiveCfg = Debug|Any CPU
		{0BFCA0F8-1171-4051-A2AF-C7B6D03D206E}.Debug|Any CPU.Build.0 = Debug|Any CPU
		{0BFCA0F8-1171-4051-A2AF-C7B6D03D206E}.Debug|x64.ActiveCfg = Debug|Any CPU
		{0BFCA0F8-1171-4051-A2AF-C7B6D03D206E}.Debug|x64.Build.0 = Debug|Any CPU
		{0BFCA0F8-1171-4051-A2AF-C7B6D03D206E}.Debug|x86.ActiveCfg = Debug|Any CPU
		{0BFCA0F8-1171-4051-A2AF-C7B6D03D206E}.Debug|x86.Build.0 = Debug|Any CPU
		{0BFCA0F8-1171-4051-A2AF-C7B6D03D206E}.Release|Any CPU.ActiveCfg = Release|Any CPU
		{0BFCA0F8-1171-4051-A2AF-C7B6D03D206E}.Release|Any CPU.Build.0 = Release|Any CPU
		{0BFCA0F8-1171-4051-A2AF-C7B6D03D206E}.Release|x64.ActiveCfg = Release|Any CPU
		{0BFCA0F8-1171-4051-A2AF-C7B6D03D206E}.Release|x64.Build.0 = Release|Any CPU
		{0BFCA0F8-1171-4051-A2AF-C7B6D03D206E}.Release|x86.ActiveCfg = Release|Any CPU
		{0BFCA0F8-1171-4051-A2AF-C7B6D03D206E}.Release|x86.Build.0 = Release|Any CPU
	EndGlobalSection
	GlobalSection(SolutionProperties) = preSolution
		HideSolutionNode = FALSE
	EndGlobalSection
	GlobalSection(ExtensibilityGlobals) = postSolution
		SolutionGuid = {E4714EA3-48AA-4555-B23D-5BC060328C9E}
	EndGlobalSection
EndGlobal
